// !$*UTF8*$!
{
	archiveVersion = 1;
	classes = {
	};
	objectVersion = 46;
	objects = {

/* Begin PBXBuildFile section */
		1D60589F0D05DD5A006BFB54 /* Foundation.framework in Frameworks */ = {isa = PBXBuildFile; fileRef = 1D30AB110D05D00D00671497 /* Foundation.framework */; };
		1DF5F4E00D08C38300B7A737 /* UIKit.framework in Frameworks */ = {isa = PBXBuildFile; fileRef = 1DF5F4DF0D08C38300B7A737 /* UIKit.framework */; };
		288765FD0DF74451002DB57D /* CoreGraphics.framework in Frameworks */ = {isa = PBXBuildFile; fileRef = 288765FC0DF74451002DB57D /* CoreGraphics.framework */; };
		5326AEA810A23A0500278DE6 /* CoreLocation.framework in Frameworks */ = {isa = PBXBuildFile; fileRef = 5326AEA710A23A0500278DE6 /* CoreLocation.framework */; };
		53F323EB10A20EDB00E0DAE4 /* OpenAL.framework in Frameworks */ = {isa = PBXBuildFile; fileRef = 53F323EA10A20EDB00E0DAE4 /* OpenAL.framework */; };
		BB16EBD20F2B2A9500518274 /* OpenGLES.framework in Frameworks */ = {isa = PBXBuildFile; fileRef = BB16EBD10F2B2A9500518274 /* OpenGLES.framework */; };
		BB16EBD90F2B2AB500518274 /* QuartzCore.framework in Frameworks */ = {isa = PBXBuildFile; fileRef = BB16EBD80F2B2AB500518274 /* QuartzCore.framework */; };
		BB24DD8F10DA77E000E9C588 /* Default.png in Resources */ = {isa = PBXBuildFile; fileRef = BB24DD8C10DA77E000E9C588 /* Default.png */; };
		BB24DD9010DA77E000E9C588 /* Icon.png in Resources */ = {isa = PBXBuildFile; fileRef = BB24DD8D10DA77E000E9C588 /* Icon.png */; };
		BB24DDCA10DA781C00E9C588 /* ofxiphone-Info.plist in Resources */ = {isa = PBXBuildFile; fileRef = BB24DDC910DA781C00E9C588 /* ofxiphone-Info.plist */; };
		BBE5EAB80F49AD8400F28951 /* AudioToolbox.framework in Frameworks */ = {isa = PBXBuildFile; fileRef = BBE5EAB70F49AD8400F28951 /* AudioToolbox.framework */; };
		BD9E128613F4507C0001B4F1 /* OpenGLES11Context.cpp in Sources */ = {isa = PBXBuildFile; fileRef = BD9E126F13F4507C0001B4F1 /* OpenGLES11Context.cpp */; };
		BD9E128713F4507C0001B4F1 /* OpenGLES11Implementation.cpp in Sources */ = {isa = PBXBuildFile; fileRef = BD9E127013F4507C0001B4F1 /* OpenGLES11Implementation.cpp */; };
		BD9E128813F4507C0001B4F1 /* Attribute.cpp in Sources */ = {isa = PBXBuildFile; fileRef = BD9E127213F4507C0001B4F1 /* Attribute.cpp */; };
		BD9E128913F4507C0001B4F1 /* MatrixStack.cpp in Sources */ = {isa = PBXBuildFile; fileRef = BD9E127313F4507C0001B4F1 /* MatrixStack.cpp */; };
		BD9E128A13F4507C0001B4F1 /* OpenGLES20Context.cpp in Sources */ = {isa = PBXBuildFile; fileRef = BD9E127413F4507C0001B4F1 /* OpenGLES20Context.cpp */; };
		BD9E128B13F4507C0001B4F1 /* OpenGLES20Implementation.cpp in Sources */ = {isa = PBXBuildFile; fileRef = BD9E127513F4507C0001B4F1 /* OpenGLES20Implementation.cpp */; };
		BD9E128C13F4507C0001B4F1 /* OpenGLESState.cpp in Sources */ = {isa = PBXBuildFile; fileRef = BD9E127613F4507C0001B4F1 /* OpenGLESState.cpp */; };
		BD9E128D13F4507C0001B4F1 /* Shader.cpp in Sources */ = {isa = PBXBuildFile; fileRef = BD9E127713F4507C0001B4F1 /* Shader.cpp */; };
		BD9E128E13F4507C0001B4F1 /* ShaderFile.cpp in Sources */ = {isa = PBXBuildFile; fileRef = BD9E127813F4507C0001B4F1 /* ShaderFile.cpp */; };
		BD9E128F13F4507C0001B4F1 /* ShaderProgram.cpp in Sources */ = {isa = PBXBuildFile; fileRef = BD9E127913F4507C0001B4F1 /* ShaderProgram.cpp */; };
		BD9E129013F4507C0001B4F1 /* ShaderSource.cpp in Sources */ = {isa = PBXBuildFile; fileRef = BD9E127A13F4507C0001B4F1 /* ShaderSource.cpp */; };
		BD9E129113F4507C0001B4F1 /* Uniform.cpp in Sources */ = {isa = PBXBuildFile; fileRef = BD9E127B13F4507C0001B4F1 /* Uniform.cpp */; };
		BD9E129213F4507C0001B4F1 /* OpenGLESConfig.cpp in Sources */ = {isa = PBXBuildFile; fileRef = BD9E127C13F4507C0001B4F1 /* OpenGLESConfig.cpp */; };
		BD9E129313F4507C0001B4F1 /* OpenGLESContext.cpp in Sources */ = {isa = PBXBuildFile; fileRef = BD9E127D13F4507C0001B4F1 /* OpenGLESContext.cpp */; };
		BD9E129413F4507C0001B4F1 /* OpenGLESFile.cpp in Sources */ = {isa = PBXBuildFile; fileRef = BD9E127E13F4507C0001B4F1 /* OpenGLESFile.cpp */; };
		BD9E129513F4507C0001B4F1 /* OpenGLESFile.mm in Sources */ = {isa = PBXBuildFile; fileRef = BD9E127F13F4507C0001B4F1 /* OpenGLESFile.mm */; };
		BD9E129613F4507C0001B4F1 /* OpenGLESImplementation.cpp in Sources */ = {isa = PBXBuildFile; fileRef = BD9E128013F4507C0001B4F1 /* OpenGLESImplementation.cpp */; };
		BD9E129713F4507C0001B4F1 /* OpenGLESString.cpp in Sources */ = {isa = PBXBuildFile; fileRef = BD9E128113F4507C0001B4F1 /* OpenGLESString.cpp */; };
		BD9E129813F4507C0001B4F1 /* OpenGLESUtil.cpp in Sources */ = {isa = PBXBuildFile; fileRef = BD9E128213F4507C0001B4F1 /* OpenGLESUtil.cpp */; };
		BD9E129913F4507C0001B4F1 /* ofGLES2Renderer.cpp in Sources */ = {isa = PBXBuildFile; fileRef = BD9E128413F4507C0001B4F1 /* ofGLES2Renderer.cpp */; };
		CB836CCB13DC376C003E8700 /* ofxAssimpModelLoader.cpp in Sources */ = {isa = PBXBuildFile; fileRef = CB836CC913DC376C003E8700 /* ofxAssimpModelLoader.cpp */; };
		CBB7773C13F556220014274B /* alphaTest.frag in Sources */ = {isa = PBXBuildFile; fileRef = CBB7772713F556220014274B /* alphaTest.frag */; };
		CBB7773D13F556220014274B /* clipPlane.frag in Sources */ = {isa = PBXBuildFile; fileRef = CBB7772813F556220014274B /* clipPlane.frag */; };
		CBB7773E13F556220014274B /* clipPlane.vert in Sources */ = {isa = PBXBuildFile; fileRef = CBB7772913F556220014274B /* clipPlane.vert */; };
		CBB7773F13F556220014274B /* fog.glsl in Resources */ = {isa = PBXBuildFile; fileRef = CBB7772A13F556220014274B /* fog.glsl */; };
		CBB7774013F556220014274B /* lighting.frag in Sources */ = {isa = PBXBuildFile; fileRef = CBB7772B13F556220014274B /* lighting.frag */; };
		CBB7774113F556220014274B /* lighting.vert in Sources */ = {isa = PBXBuildFile; fileRef = CBB7772C13F556220014274B /* lighting.vert */; };
		CBB7774213F556220014274B /* lightingPerFragment.frag in Sources */ = {isa = PBXBuildFile; fileRef = CBB7772D13F556220014274B /* lightingPerFragment.frag */; };
		CBB7774313F556220014274B /* lightingPerFragment.vert in Sources */ = {isa = PBXBuildFile; fileRef = CBB7772E13F556220014274B /* lightingPerFragment.vert */; };
		CBB7774413F556220014274B /* lightingPerVertex.vert in Sources */ = {isa = PBXBuildFile; fileRef = CBB7772F13F556220014274B /* lightingPerVertex.vert */; };
		CBB7774513F556220014274B /* main.frag in Sources */ = {isa = PBXBuildFile; fileRef = CBB7773013F556220014274B /* main.frag */; };
		CBB7774613F556220014274B /* main.vert in Sources */ = {isa = PBXBuildFile; fileRef = CBB7773113F556220014274B /* main.vert */; };
		CBB7774713F556220014274B /* postprocess.frag in Sources */ = {isa = PBXBuildFile; fileRef = CBB7773213F556220014274B /* postprocess.frag */; };
		CBB7774813F556220014274B /* postprocess.vert in Sources */ = {isa = PBXBuildFile; fileRef = CBB7773313F556220014274B /* postprocess.vert */; };
		CBB7774913F556220014274B /* texture.frag in Sources */ = {isa = PBXBuildFile; fileRef = CBB7773413F556220014274B /* texture.frag */; };
		CBB7774A13F556220014274B /* texture.vert in Sources */ = {isa = PBXBuildFile; fileRef = CBB7773513F556220014274B /* texture.vert */; };
		CBB7774B13F556220014274B /* texture0.frag in Sources */ = {isa = PBXBuildFile; fileRef = CBB7773613F556220014274B /* texture0.frag */; };
		CBB7774C13F556220014274B /* texture0.vert in Sources */ = {isa = PBXBuildFile; fileRef = CBB7773713F556220014274B /* texture0.vert */; };
		CBB7774D13F556220014274B /* texture1.frag in Sources */ = {isa = PBXBuildFile; fileRef = CBB7773813F556220014274B /* texture1.frag */; };
		CBB7774E13F556220014274B /* texture1.vert in Sources */ = {isa = PBXBuildFile; fileRef = CBB7773913F556220014274B /* texture1.vert */; };
		CBB7774F13F556220014274B /* texture2.frag in Sources */ = {isa = PBXBuildFile; fileRef = CBB7773A13F556220014274B /* texture2.frag */; };
		CBB7775013F556220014274B /* texture2.vert in Sources */ = {isa = PBXBuildFile; fileRef = CBB7773B13F556220014274B /* texture2.vert */; };
		CBB7775113F556340014274B /* alphaTest.frag in Resources */ = {isa = PBXBuildFile; fileRef = CBB7772713F556220014274B /* alphaTest.frag */; };
		CBB7775213F556340014274B /* clipPlane.frag in Resources */ = {isa = PBXBuildFile; fileRef = CBB7772813F556220014274B /* clipPlane.frag */; };
		CBB7775313F556340014274B /* clipPlane.vert in Resources */ = {isa = PBXBuildFile; fileRef = CBB7772913F556220014274B /* clipPlane.vert */; };
		CBB7775413F556340014274B /* lighting.frag in Resources */ = {isa = PBXBuildFile; fileRef = CBB7772B13F556220014274B /* lighting.frag */; };
		CBB7775513F556340014274B /* lighting.vert in Resources */ = {isa = PBXBuildFile; fileRef = CBB7772C13F556220014274B /* lighting.vert */; };
		CBB7775613F556340014274B /* lightingPerFragment.frag in Resources */ = {isa = PBXBuildFile; fileRef = CBB7772D13F556220014274B /* lightingPerFragment.frag */; };
		CBB7775713F556340014274B /* lightingPerFragment.vert in Resources */ = {isa = PBXBuildFile; fileRef = CBB7772E13F556220014274B /* lightingPerFragment.vert */; };
		CBB7775813F556340014274B /* lightingPerVertex.vert in Resources */ = {isa = PBXBuildFile; fileRef = CBB7772F13F556220014274B /* lightingPerVertex.vert */; };
		CBB7775913F556340014274B /* main.frag in Resources */ = {isa = PBXBuildFile; fileRef = CBB7773013F556220014274B /* main.frag */; };
		CBB7775A13F556340014274B /* main.vert in Resources */ = {isa = PBXBuildFile; fileRef = CBB7773113F556220014274B /* main.vert */; };
		CBB7775B13F556340014274B /* postprocess.frag in Resources */ = {isa = PBXBuildFile; fileRef = CBB7773213F556220014274B /* postprocess.frag */; };
		CBB7775C13F556340014274B /* postprocess.vert in Resources */ = {isa = PBXBuildFile; fileRef = CBB7773313F556220014274B /* postprocess.vert */; };
		CBB7775D13F556340014274B /* texture.frag in Resources */ = {isa = PBXBuildFile; fileRef = CBB7773413F556220014274B /* texture.frag */; };
		CBB7775E13F556340014274B /* texture.vert in Resources */ = {isa = PBXBuildFile; fileRef = CBB7773513F556220014274B /* texture.vert */; };
		CBB7775F13F556340014274B /* texture0.frag in Resources */ = {isa = PBXBuildFile; fileRef = CBB7773613F556220014274B /* texture0.frag */; };
		CBB7776013F556340014274B /* texture0.vert in Resources */ = {isa = PBXBuildFile; fileRef = CBB7773713F556220014274B /* texture0.vert */; };
		CBB7776113F556340014274B /* texture1.frag in Resources */ = {isa = PBXBuildFile; fileRef = CBB7773813F556220014274B /* texture1.frag */; };
		CBB7776213F556340014274B /* texture1.vert in Resources */ = {isa = PBXBuildFile; fileRef = CBB7773913F556220014274B /* texture1.vert */; };
		CBB7776313F556340014274B /* texture2.frag in Resources */ = {isa = PBXBuildFile; fileRef = CBB7773A13F556220014274B /* texture2.frag */; };
		CBB7776413F556340014274B /* texture2.vert in Resources */ = {isa = PBXBuildFile; fileRef = CBB7773B13F556220014274B /* texture2.vert */; };
		CBD4CB2A13FFC1F900F0C042 /* ShaderBlurES2.cpp in Sources */ = {isa = PBXBuildFile; fileRef = CBD4CB2813FFC1F900F0C042 /* ShaderBlurES2.cpp */; };
		E41D3ED713B38FB500A75A5D /* Project.xcconfig in Resources */ = {isa = PBXBuildFile; fileRef = E41D3ED613B38FB500A75A5D /* Project.xcconfig */; };
		E41D3EE613B3906D00A75A5D /* CoreOF.xcconfig in Resources */ = {isa = PBXBuildFile; fileRef = E41D3EE513B3906D00A75A5D /* CoreOF.xcconfig */; };
		E41D400B13B39D2100A75A5D /* AVFoundation.framework in Frameworks */ = {isa = PBXBuildFile; fileRef = E41D400613B39D2100A75A5D /* AVFoundation.framework */; };
		E41D400C13B39D2100A75A5D /* CoreMedia.framework in Frameworks */ = {isa = PBXBuildFile; fileRef = E41D400713B39D2100A75A5D /* CoreMedia.framework */; };
		E41D400D13B39D2100A75A5D /* CoreVideo.framework in Frameworks */ = {isa = PBXBuildFile; fileRef = E41D400813B39D2100A75A5D /* CoreVideo.framework */; };
		E41D400E13B39D2100A75A5D /* MapKit.framework in Frameworks */ = {isa = PBXBuildFile; fileRef = E41D400913B39D2100A75A5D /* MapKit.framework */; };
		E41D421413B3A95300A75A5D /* libofxiPhone_iphoneos_Debug.a in Frameworks */ = {isa = PBXBuildFile; fileRef = E41D410213B3A0D800A75A5D /* libofxiPhone_iphoneos_Debug.a */; };
		E4A823A412561BE3002F86A2 /* CoreGraphics.framework in Frameworks */ = {isa = PBXBuildFile; fileRef = E4A823A312561BE3002F86A2 /* CoreGraphics.framework */; };
		E4D8936E11527B74007E1F53 /* main.mm in Sources */ = {isa = PBXBuildFile; fileRef = E4D8936B11527B74007E1F53 /* main.mm */; };
		E4D8936F11527B74007E1F53 /* testApp.mm in Sources */ = {isa = PBXBuildFile; fileRef = E4D8936D11527B74007E1F53 /* testApp.mm */; };
/* End PBXBuildFile section */

/* Begin PBXContainerItemProxy section */
		E41D410113B3A0D800A75A5D /* PBXContainerItemProxy */ = {
			isa = PBXContainerItemProxy;
			containerPortal = E41D40FD13B3A0D800A75A5D /* iPhone+OF Lib.xcodeproj */;
			proxyType = 2;
			remoteGlobalIDString = BB24DED610DA7A3F00E9C588;
			remoteInfo = "iPhone+OF Static Library";
		};
		E41D410313B3A11300A75A5D /* PBXContainerItemProxy */ = {
			isa = PBXContainerItemProxy;
			containerPortal = E41D40FD13B3A0D800A75A5D /* iPhone+OF Lib.xcodeproj */;
			proxyType = 1;
			remoteGlobalIDString = BB24DE5C10DA7A3F00E9C588;
			remoteInfo = "iPhone+OF Static Library";
		};
/* End PBXContainerItemProxy section */

/* Begin PBXFileReference section */
		1D30AB110D05D00D00671497 /* Foundation.framework */ = {isa = PBXFileReference; lastKnownFileType = wrapper.framework; name = Foundation.framework; path = System/Library/Frameworks/Foundation.framework; sourceTree = SDKROOT; };
		1D6058910D05DD3D006BFB54 /* GLES2Renderer.app */ = {isa = PBXFileReference; explicitFileType = wrapper.application; includeInIndex = 0; path = GLES2Renderer.app; sourceTree = BUILT_PRODUCTS_DIR; };
		1DF5F4DF0D08C38300B7A737 /* UIKit.framework */ = {isa = PBXFileReference; lastKnownFileType = wrapper.framework; name = UIKit.framework; path = System/Library/Frameworks/UIKit.framework; sourceTree = SDKROOT; };
		288765FC0DF74451002DB57D /* CoreGraphics.framework */ = {isa = PBXFileReference; lastKnownFileType = wrapper.framework; name = CoreGraphics.framework; path = System/Library/Frameworks/CoreGraphics.framework; sourceTree = SDKROOT; };
		32CA4F630368D1EE00C91783 /* iPhone_Prefix.pch */ = {isa = PBXFileReference; fileEncoding = 4; lastKnownFileType = sourcecode.c.h; path = iPhone_Prefix.pch; sourceTree = "<group>"; };
		5326AEA710A23A0500278DE6 /* CoreLocation.framework */ = {isa = PBXFileReference; lastKnownFileType = wrapper.framework; name = CoreLocation.framework; path = System/Library/Frameworks/CoreLocation.framework; sourceTree = SDKROOT; };
		53F323EA10A20EDB00E0DAE4 /* OpenAL.framework */ = {isa = PBXFileReference; lastKnownFileType = wrapper.framework; name = OpenAL.framework; path = System/Library/Frameworks/OpenAL.framework; sourceTree = SDKROOT; };
		BB16EBD10F2B2A9500518274 /* OpenGLES.framework */ = {isa = PBXFileReference; lastKnownFileType = wrapper.framework; name = OpenGLES.framework; path = System/Library/Frameworks/OpenGLES.framework; sourceTree = SDKROOT; };
		BB16EBD80F2B2AB500518274 /* QuartzCore.framework */ = {isa = PBXFileReference; lastKnownFileType = wrapper.framework; name = QuartzCore.framework; path = System/Library/Frameworks/QuartzCore.framework; sourceTree = SDKROOT; };
		BB24DD8C10DA77E000E9C588 /* Default.png */ = {isa = PBXFileReference; lastKnownFileType = image.png; path = Default.png; sourceTree = "<group>"; };
		BB24DD8D10DA77E000E9C588 /* Icon.png */ = {isa = PBXFileReference; lastKnownFileType = image.png; path = Icon.png; sourceTree = "<group>"; };
		BB24DDC910DA781C00E9C588 /* ofxiphone-Info.plist */ = {isa = PBXFileReference; fileEncoding = 4; lastKnownFileType = text.plist.xml; path = "ofxiphone-Info.plist"; sourceTree = "<group>"; };
		BBE5EAB70F49AD8400F28951 /* AudioToolbox.framework */ = {isa = PBXFileReference; lastKnownFileType = wrapper.framework; name = AudioToolbox.framework; path = System/Library/Frameworks/AudioToolbox.framework; sourceTree = SDKROOT; };
		BD9E125413F44E890001B4F1 /* OpenGLES11Context.h */ = {isa = PBXFileReference; fileEncoding = 4; lastKnownFileType = sourcecode.c.h; path = OpenGLES11Context.h; sourceTree = "<group>"; };
		BD9E125513F44E890001B4F1 /* OpenGLES11Implementation.h */ = {isa = PBXFileReference; fileEncoding = 4; lastKnownFileType = sourcecode.c.h; path = OpenGLES11Implementation.h; sourceTree = "<group>"; };
		BD9E125713F44E890001B4F1 /* Attribute.h */ = {isa = PBXFileReference; fileEncoding = 4; lastKnownFileType = sourcecode.c.h; path = Attribute.h; sourceTree = "<group>"; };
		BD9E125813F44E890001B4F1 /* MatrixStack.h */ = {isa = PBXFileReference; fileEncoding = 4; lastKnownFileType = sourcecode.c.h; path = MatrixStack.h; sourceTree = "<group>"; };
		BD9E125913F44E890001B4F1 /* OpenGLES20Context.h */ = {isa = PBXFileReference; fileEncoding = 4; lastKnownFileType = sourcecode.c.h; path = OpenGLES20Context.h; sourceTree = "<group>"; };
		BD9E125A13F44E890001B4F1 /* OpenGLES20Implementation.h */ = {isa = PBXFileReference; fileEncoding = 4; lastKnownFileType = sourcecode.c.h; path = OpenGLES20Implementation.h; sourceTree = "<group>"; };
		BD9E125B13F44E890001B4F1 /* OpenGLESState.h */ = {isa = PBXFileReference; fileEncoding = 4; lastKnownFileType = sourcecode.c.h; path = OpenGLESState.h; sourceTree = "<group>"; };
		BD9E125C13F44E890001B4F1 /* Shader.h */ = {isa = PBXFileReference; fileEncoding = 4; lastKnownFileType = sourcecode.c.h; path = Shader.h; sourceTree = "<group>"; };
		BD9E125D13F44E890001B4F1 /* ShaderFile.h */ = {isa = PBXFileReference; fileEncoding = 4; lastKnownFileType = sourcecode.c.h; path = ShaderFile.h; sourceTree = "<group>"; };
		BD9E125E13F44E890001B4F1 /* ShaderProgram.h */ = {isa = PBXFileReference; fileEncoding = 4; lastKnownFileType = sourcecode.c.h; path = ShaderProgram.h; sourceTree = "<group>"; };
		BD9E125F13F44E890001B4F1 /* ShaderSource.h */ = {isa = PBXFileReference; fileEncoding = 4; lastKnownFileType = sourcecode.c.h; path = ShaderSource.h; sourceTree = "<group>"; };
		BD9E126013F44E890001B4F1 /* Uniform.h */ = {isa = PBXFileReference; fileEncoding = 4; lastKnownFileType = sourcecode.c.h; path = Uniform.h; sourceTree = "<group>"; };
		BD9E126113F44E890001B4F1 /* OpenGLESConfig.h */ = {isa = PBXFileReference; fileEncoding = 4; lastKnownFileType = sourcecode.c.h; path = OpenGLESConfig.h; sourceTree = "<group>"; };
		BD9E126213F44E890001B4F1 /* OpenGLESContext.h */ = {isa = PBXFileReference; fileEncoding = 4; lastKnownFileType = sourcecode.c.h; path = OpenGLESContext.h; sourceTree = "<group>"; };
		BD9E126313F44E890001B4F1 /* OpenGLESDefines.h */ = {isa = PBXFileReference; fileEncoding = 4; lastKnownFileType = sourcecode.c.h; path = OpenGLESDefines.h; sourceTree = "<group>"; };
		BD9E126413F44E890001B4F1 /* OpenGLESFile.h */ = {isa = PBXFileReference; fileEncoding = 4; lastKnownFileType = sourcecode.c.h; path = OpenGLESFile.h; sourceTree = "<group>"; };
		BD9E126513F44E890001B4F1 /* OpenGLESImplementation.h */ = {isa = PBXFileReference; fileEncoding = 4; lastKnownFileType = sourcecode.c.h; path = OpenGLESImplementation.h; sourceTree = "<group>"; };
		BD9E126613F44E890001B4F1 /* OpenGLESMath.h */ = {isa = PBXFileReference; fileEncoding = 4; lastKnownFileType = sourcecode.c.h; path = OpenGLESMath.h; sourceTree = "<group>"; };
		BD9E126713F44E890001B4F1 /* OpenGLESString.h */ = {isa = PBXFileReference; fileEncoding = 4; lastKnownFileType = sourcecode.c.h; path = OpenGLESString.h; sourceTree = "<group>"; };
		BD9E126813F44E890001B4F1 /* OpenGLESUtil.h */ = {isa = PBXFileReference; fileEncoding = 4; lastKnownFileType = sourcecode.c.h; path = OpenGLESUtil.h; sourceTree = "<group>"; };
		BD9E126F13F4507C0001B4F1 /* OpenGLES11Context.cpp */ = {isa = PBXFileReference; fileEncoding = 4; lastKnownFileType = sourcecode.cpp.cpp; path = OpenGLES11Context.cpp; sourceTree = "<group>"; };
		BD9E127013F4507C0001B4F1 /* OpenGLES11Implementation.cpp */ = {isa = PBXFileReference; fileEncoding = 4; lastKnownFileType = sourcecode.cpp.cpp; path = OpenGLES11Implementation.cpp; sourceTree = "<group>"; };
		BD9E127213F4507C0001B4F1 /* Attribute.cpp */ = {isa = PBXFileReference; fileEncoding = 4; lastKnownFileType = sourcecode.cpp.cpp; path = Attribute.cpp; sourceTree = "<group>"; };
		BD9E127313F4507C0001B4F1 /* MatrixStack.cpp */ = {isa = PBXFileReference; fileEncoding = 4; lastKnownFileType = sourcecode.cpp.cpp; path = MatrixStack.cpp; sourceTree = "<group>"; };
		BD9E127413F4507C0001B4F1 /* OpenGLES20Context.cpp */ = {isa = PBXFileReference; fileEncoding = 4; lastKnownFileType = sourcecode.cpp.cpp; path = OpenGLES20Context.cpp; sourceTree = "<group>"; };
		BD9E127513F4507C0001B4F1 /* OpenGLES20Implementation.cpp */ = {isa = PBXFileReference; fileEncoding = 4; lastKnownFileType = sourcecode.cpp.cpp; path = OpenGLES20Implementation.cpp; sourceTree = "<group>"; };
		BD9E127613F4507C0001B4F1 /* OpenGLESState.cpp */ = {isa = PBXFileReference; fileEncoding = 4; lastKnownFileType = sourcecode.cpp.cpp; path = OpenGLESState.cpp; sourceTree = "<group>"; };
		BD9E127713F4507C0001B4F1 /* Shader.cpp */ = {isa = PBXFileReference; fileEncoding = 4; lastKnownFileType = sourcecode.cpp.cpp; path = Shader.cpp; sourceTree = "<group>"; };
		BD9E127813F4507C0001B4F1 /* ShaderFile.cpp */ = {isa = PBXFileReference; fileEncoding = 4; lastKnownFileType = sourcecode.cpp.cpp; path = ShaderFile.cpp; sourceTree = "<group>"; };
		BD9E127913F4507C0001B4F1 /* ShaderProgram.cpp */ = {isa = PBXFileReference; fileEncoding = 4; lastKnownFileType = sourcecode.cpp.cpp; path = ShaderProgram.cpp; sourceTree = "<group>"; };
		BD9E127A13F4507C0001B4F1 /* ShaderSource.cpp */ = {isa = PBXFileReference; fileEncoding = 4; lastKnownFileType = sourcecode.cpp.cpp; path = ShaderSource.cpp; sourceTree = "<group>"; };
		BD9E127B13F4507C0001B4F1 /* Uniform.cpp */ = {isa = PBXFileReference; fileEncoding = 4; lastKnownFileType = sourcecode.cpp.cpp; path = Uniform.cpp; sourceTree = "<group>"; };
		BD9E127C13F4507C0001B4F1 /* OpenGLESConfig.cpp */ = {isa = PBXFileReference; fileEncoding = 4; lastKnownFileType = sourcecode.cpp.cpp; path = OpenGLESConfig.cpp; sourceTree = "<group>"; };
		BD9E127D13F4507C0001B4F1 /* OpenGLESContext.cpp */ = {isa = PBXFileReference; fileEncoding = 4; lastKnownFileType = sourcecode.cpp.cpp; path = OpenGLESContext.cpp; sourceTree = "<group>"; };
		BD9E127E13F4507C0001B4F1 /* OpenGLESFile.cpp */ = {isa = PBXFileReference; fileEncoding = 4; lastKnownFileType = sourcecode.cpp.cpp; path = OpenGLESFile.cpp; sourceTree = "<group>"; };
		BD9E127F13F4507C0001B4F1 /* OpenGLESFile.mm */ = {isa = PBXFileReference; fileEncoding = 4; lastKnownFileType = sourcecode.cpp.objcpp; path = OpenGLESFile.mm; sourceTree = "<group>"; };
		BD9E128013F4507C0001B4F1 /* OpenGLESImplementation.cpp */ = {isa = PBXFileReference; fileEncoding = 4; lastKnownFileType = sourcecode.cpp.cpp; path = OpenGLESImplementation.cpp; sourceTree = "<group>"; };
		BD9E128113F4507C0001B4F1 /* OpenGLESString.cpp */ = {isa = PBXFileReference; fileEncoding = 4; lastKnownFileType = sourcecode.cpp.cpp; path = OpenGLESString.cpp; sourceTree = "<group>"; };
		BD9E128213F4507C0001B4F1 /* OpenGLESUtil.cpp */ = {isa = PBXFileReference; fileEncoding = 4; lastKnownFileType = sourcecode.cpp.cpp; path = OpenGLESUtil.cpp; sourceTree = "<group>"; };
		BD9E128413F4507C0001B4F1 /* ofGLES2Renderer.cpp */ = {isa = PBXFileReference; fileEncoding = 4; lastKnownFileType = sourcecode.cpp.cpp; path = ofGLES2Renderer.cpp; sourceTree = "<group>"; };
		BD9E128513F4507C0001B4F1 /* ofGLES2Renderer.h */ = {isa = PBXFileReference; fileEncoding = 4; lastKnownFileType = sourcecode.c.h; path = ofGLES2Renderer.h; sourceTree = "<group>"; };
		CB3F08C013E96EEC0093CE64 /* AMathHelpers.h */ = {isa = PBXFileReference; fileEncoding = 4; lastKnownFileType = sourcecode.c.h; path = AMathHelpers.h; sourceTree = "<group>"; };
		CB836CC713DC376C003E8700 /* ofx3DBaseLoader.h */ = {isa = PBXFileReference; fileEncoding = 4; lastKnownFileType = sourcecode.c.h; name = ofx3DBaseLoader.h; path = ../../../addons/ofxAssimpModelLoader/src/ofx3DBaseLoader.h; sourceTree = "<group>"; };
		CB836CC813DC376C003E8700 /* ofxAssimpMeshHelper.h */ = {isa = PBXFileReference; fileEncoding = 4; lastKnownFileType = sourcecode.c.h; name = ofxAssimpMeshHelper.h; path = ../../../addons/ofxAssimpModelLoader/src/ofxAssimpMeshHelper.h; sourceTree = "<group>"; };
		CB836CC913DC376C003E8700 /* ofxAssimpModelLoader.cpp */ = {isa = PBXFileReference; fileEncoding = 4; lastKnownFileType = sourcecode.cpp.cpp; name = ofxAssimpModelLoader.cpp; path = ../../../addons/ofxAssimpModelLoader/src/ofxAssimpModelLoader.cpp; sourceTree = "<group>"; };
		CB836CCA13DC376C003E8700 /* ofxAssimpModelLoader.h */ = {isa = PBXFileReference; fileEncoding = 4; lastKnownFileType = sourcecode.c.h; name = ofxAssimpModelLoader.h; path = ../../../addons/ofxAssimpModelLoader/src/ofxAssimpModelLoader.h; sourceTree = "<group>"; };
		CBB7772713F556220014274B /* alphaTest.frag */ = {isa = PBXFileReference; fileEncoding = 4; lastKnownFileType = sourcecode.glsl; path = alphaTest.frag; sourceTree = "<group>"; };
		CBB7772813F556220014274B /* clipPlane.frag */ = {isa = PBXFileReference; fileEncoding = 4; lastKnownFileType = sourcecode.glsl; path = clipPlane.frag; sourceTree = "<group>"; };
		CBB7772913F556220014274B /* clipPlane.vert */ = {isa = PBXFileReference; fileEncoding = 4; lastKnownFileType = sourcecode.glsl; path = clipPlane.vert; sourceTree = "<group>"; };
		CBB7772A13F556220014274B /* fog.glsl */ = {isa = PBXFileReference; fileEncoding = 4; lastKnownFileType = text; path = fog.glsl; sourceTree = "<group>"; };
		CBB7772B13F556220014274B /* lighting.frag */ = {isa = PBXFileReference; fileEncoding = 4; lastKnownFileType = sourcecode.glsl; path = lighting.frag; sourceTree = "<group>"; };
		CBB7772C13F556220014274B /* lighting.vert */ = {isa = PBXFileReference; fileEncoding = 4; lastKnownFileType = sourcecode.glsl; path = lighting.vert; sourceTree = "<group>"; };
		CBB7772D13F556220014274B /* lightingPerFragment.frag */ = {isa = PBXFileReference; fileEncoding = 4; lastKnownFileType = sourcecode.glsl; path = lightingPerFragment.frag; sourceTree = "<group>"; };
		CBB7772E13F556220014274B /* lightingPerFragment.vert */ = {isa = PBXFileReference; fileEncoding = 4; lastKnownFileType = sourcecode.glsl; path = lightingPerFragment.vert; sourceTree = "<group>"; };
		CBB7772F13F556220014274B /* lightingPerVertex.vert */ = {isa = PBXFileReference; fileEncoding = 4; lastKnownFileType = sourcecode.glsl; path = lightingPerVertex.vert; sourceTree = "<group>"; };
		CBB7773013F556220014274B /* main.frag */ = {isa = PBXFileReference; fileEncoding = 4; lastKnownFileType = sourcecode.glsl; path = main.frag; sourceTree = "<group>"; };
		CBB7773113F556220014274B /* main.vert */ = {isa = PBXFileReference; fileEncoding = 4; lastKnownFileType = sourcecode.glsl; path = main.vert; sourceTree = "<group>"; };
		CBB7773213F556220014274B /* postprocess.frag */ = {isa = PBXFileReference; fileEncoding = 4; lastKnownFileType = sourcecode.glsl; path = postprocess.frag; sourceTree = "<group>"; };
		CBB7773313F556220014274B /* postprocess.vert */ = {isa = PBXFileReference; fileEncoding = 4; lastKnownFileType = sourcecode.glsl; path = postprocess.vert; sourceTree = "<group>"; };
		CBB7773413F556220014274B /* texture.frag */ = {isa = PBXFileReference; fileEncoding = 4; lastKnownFileType = sourcecode.glsl; path = texture.frag; sourceTree = "<group>"; };
		CBB7773513F556220014274B /* texture.vert */ = {isa = PBXFileReference; fileEncoding = 4; lastKnownFileType = sourcecode.glsl; path = texture.vert; sourceTree = "<group>"; };
		CBB7773613F556220014274B /* texture0.frag */ = {isa = PBXFileReference; fileEncoding = 4; lastKnownFileType = sourcecode.glsl; path = texture0.frag; sourceTree = "<group>"; };
		CBB7773713F556220014274B /* texture0.vert */ = {isa = PBXFileReference; fileEncoding = 4; lastKnownFileType = sourcecode.glsl; path = texture0.vert; sourceTree = "<group>"; };
		CBB7773813F556220014274B /* texture1.frag */ = {isa = PBXFileReference; fileEncoding = 4; lastKnownFileType = sourcecode.glsl; path = texture1.frag; sourceTree = "<group>"; };
		CBB7773913F556220014274B /* texture1.vert */ = {isa = PBXFileReference; fileEncoding = 4; lastKnownFileType = sourcecode.glsl; path = texture1.vert; sourceTree = "<group>"; };
		CBB7773A13F556220014274B /* texture2.frag */ = {isa = PBXFileReference; fileEncoding = 4; lastKnownFileType = sourcecode.glsl; path = texture2.frag; sourceTree = "<group>"; };
		CBB7773B13F556220014274B /* texture2.vert */ = {isa = PBXFileReference; fileEncoding = 4; lastKnownFileType = sourcecode.glsl; path = texture2.vert; sourceTree = "<group>"; };
		CBD4CB2813FFC1F900F0C042 /* ShaderBlurES2.cpp */ = {isa = PBXFileReference; fileEncoding = 4; lastKnownFileType = sourcecode.cpp.cpp; path = ShaderBlurES2.cpp; sourceTree = "<group>"; };
		CBD4CB2913FFC1F900F0C042 /* ShaderBlurES2.h */ = {isa = PBXFileReference; fileEncoding = 4; path = ShaderBlurES2.h; sourceTree = "<group>"; };
		E41D3ED613B38FB500A75A5D /* Project.xcconfig */ = {isa = PBXFileReference; fileEncoding = 4; lastKnownFileType = text.xcconfig; path = Project.xcconfig; sourceTree = "<group>"; };
		E41D3EE513B3906D00A75A5D /* CoreOF.xcconfig */ = {isa = PBXFileReference; fileEncoding = 4; lastKnownFileType = text.xcconfig; name = CoreOF.xcconfig; path = ../../../libs/openFrameworksCompiled/project/iphone/CoreOF.xcconfig; sourceTree = SOURCE_ROOT; };
		E41D400613B39D2100A75A5D /* AVFoundation.framework */ = {isa = PBXFileReference; lastKnownFileType = wrapper.framework; name = AVFoundation.framework; path = System/Library/Frameworks/AVFoundation.framework; sourceTree = SDKROOT; };
		E41D400713B39D2100A75A5D /* CoreMedia.framework */ = {isa = PBXFileReference; lastKnownFileType = wrapper.framework; name = CoreMedia.framework; path = System/Library/Frameworks/CoreMedia.framework; sourceTree = SDKROOT; };
		E41D400813B39D2100A75A5D /* CoreVideo.framework */ = {isa = PBXFileReference; lastKnownFileType = wrapper.framework; name = CoreVideo.framework; path = System/Library/Frameworks/CoreVideo.framework; sourceTree = SDKROOT; };
		E41D400913B39D2100A75A5D /* MapKit.framework */ = {isa = PBXFileReference; lastKnownFileType = wrapper.framework; name = MapKit.framework; path = System/Library/Frameworks/MapKit.framework; sourceTree = SDKROOT; };
		E41D40FD13B3A0D800A75A5D /* iPhone+OF Lib.xcodeproj */ = {isa = PBXFileReference; lastKnownFileType = "wrapper.pb-project"; name = "iPhone+OF Lib.xcodeproj"; path = "../../../libs/openFrameworksCompiled/project/iphone/iPhone+OF Lib.xcodeproj"; sourceTree = SOURCE_ROOT; };
		E4A823A312561BE3002F86A2 /* CoreGraphics.framework */ = {isa = PBXFileReference; lastKnownFileType = wrapper.framework; name = CoreGraphics.framework; path = System/Library/Frameworks/CoreGraphics.framework; sourceTree = SDKROOT; };
		E4D8936B11527B74007E1F53 /* main.mm */ = {isa = PBXFileReference; fileEncoding = 4; lastKnownFileType = sourcecode.cpp.objcpp; name = main.mm; path = src/main.mm; sourceTree = SOURCE_ROOT; };
		E4D8936C11527B74007E1F53 /* testApp.h */ = {isa = PBXFileReference; fileEncoding = 4; lastKnownFileType = sourcecode.c.h; name = testApp.h; path = src/testApp.h; sourceTree = SOURCE_ROOT; };
		E4D8936D11527B74007E1F53 /* testApp.mm */ = {isa = PBXFileReference; fileEncoding = 4; lastKnownFileType = sourcecode.cpp.objcpp; name = testApp.mm; path = src/testApp.mm; sourceTree = SOURCE_ROOT; };
/* End PBXFileReference section */

/* Begin PBXFrameworksBuildPhase section */
		1D60588F0D05DD3D006BFB54 /* Frameworks */ = {
			isa = PBXFrameworksBuildPhase;
			buildActionMask = 2147483647;
			files = (
				E41D421413B3A95300A75A5D /* libofxiPhone_iphoneos_Debug.a in Frameworks */,
				1D60589F0D05DD5A006BFB54 /* Foundation.framework in Frameworks */,
				1DF5F4E00D08C38300B7A737 /* UIKit.framework in Frameworks */,
				288765FD0DF74451002DB57D /* CoreGraphics.framework in Frameworks */,
				BB16EBD20F2B2A9500518274 /* OpenGLES.framework in Frameworks */,
				BB16EBD90F2B2AB500518274 /* QuartzCore.framework in Frameworks */,
				BBE5EAB80F49AD8400F28951 /* AudioToolbox.framework in Frameworks */,
				53F323EB10A20EDB00E0DAE4 /* OpenAL.framework in Frameworks */,
				5326AEA810A23A0500278DE6 /* CoreLocation.framework in Frameworks */,
				E4A823A412561BE3002F86A2 /* CoreGraphics.framework in Frameworks */,
				E41D400B13B39D2100A75A5D /* AVFoundation.framework in Frameworks */,
				E41D400C13B39D2100A75A5D /* CoreMedia.framework in Frameworks */,
				E41D400D13B39D2100A75A5D /* CoreVideo.framework in Frameworks */,
				E41D400E13B39D2100A75A5D /* MapKit.framework in Frameworks */,
			);
			runOnlyForDeploymentPostprocessing = 0;
		};
/* End PBXFrameworksBuildPhase section */

/* Begin PBXGroup section */
		19C28FACFE9D520D11CA2CBB /* Products */ = {
			isa = PBXGroup;
			children = (
				1D6058910D05DD3D006BFB54 /* GLES2Renderer.app */,
			);
			name = Products;
			sourceTree = "<group>";
		};
		29B97314FDCFA39411CA2CEA /* CustomTemplate */ = {
			isa = PBXGroup;
			children = (
				CB836CBB13DC371C003E8700 /* addons */,
				E4D8936A11527B74007E1F53 /* src */,
				BB24DD8B10DA77E000E9C588 /* data */,
				BB24E1F710DAA51900E9C588 /* openFrameworks */,
				BB16E9930F2B1E5900518274 /* libs */,
				19C28FACFE9D520D11CA2CBB /* Products */,
			);
			name = CustomTemplate;
			sourceTree = "<group>";
		};
		29B97323FDCFA39411CA2CEA /* core frameworks */ = {
			isa = PBXGroup;
			children = (
				E41D400613B39D2100A75A5D /* AVFoundation.framework */,
				E41D400713B39D2100A75A5D /* CoreMedia.framework */,
				E41D400813B39D2100A75A5D /* CoreVideo.framework */,
				E41D400913B39D2100A75A5D /* MapKit.framework */,
				53F323EA10A20EDB00E0DAE4 /* OpenAL.framework */,
				E4A823A312561BE3002F86A2 /* CoreGraphics.framework */,
				BBE5EAB70F49AD8400F28951 /* AudioToolbox.framework */,
				BB16EBD80F2B2AB500518274 /* QuartzCore.framework */,
				BB16EBD10F2B2A9500518274 /* OpenGLES.framework */,
				1DF5F4DF0D08C38300B7A737 /* UIKit.framework */,
				1D30AB110D05D00D00671497 /* Foundation.framework */,
				288765FC0DF74451002DB57D /* CoreGraphics.framework */,
				5326AEA710A23A0500278DE6 /* CoreLocation.framework */,
			);
			name = "core frameworks";
			sourceTree = "<group>";
		};
		BB16E9930F2B1E5900518274 /* libs */ = {
			isa = PBXGroup;
			children = (
				BD9E125013F44E890001B4F1 /* gles2-bc */,
				BBE5E94E0F497BD800F28951 /* core */,
			);
			name = libs;
			sourceTree = "<group>";
		};
		BB24DD8B10DA77E000E9C588 /* data */ = {
			isa = PBXGroup;
			children = (
				BB24DD8C10DA77E000E9C588 /* Default.png */,
				BB24DD8D10DA77E000E9C588 /* Icon.png */,
			);
			name = data;
			path = bin/data;
			sourceTree = "<group>";
		};
		BB24E1F710DAA51900E9C588 /* openFrameworks */ = {
			isa = PBXGroup;
			children = (
				E41D40FD13B3A0D800A75A5D /* iPhone+OF Lib.xcodeproj */,
				32CA4F630368D1EE00C91783 /* iPhone_Prefix.pch */,
				BB24DDC910DA781C00E9C588 /* ofxiphone-Info.plist */,
				E41D3EE513B3906D00A75A5D /* CoreOF.xcconfig */,
				E41D3ED613B38FB500A75A5D /* Project.xcconfig */,
			);
			name = openFrameworks;
			sourceTree = "<group>";
		};
		BBE5E94E0F497BD800F28951 /* core */ = {
			isa = PBXGroup;
			children = (
				29B97323FDCFA39411CA2CEA /* core frameworks */,
			);
			name = core;
			sourceTree = "<group>";
		};
		BD9E125013F44E890001B4F1 /* gles2-bc */ = {
			isa = PBXGroup;
			children = (
				BD9E125113F44E890001B4F1 /* include */,
			);
			name = "gles2-bc";
			path = "../../../libs/gles2-bc";
			sourceTree = "<group>";
		};
		BD9E125113F44E890001B4F1 /* include */ = {
			isa = PBXGroup;
			children = (
				BD9E125213F44E890001B4F1 /* OpenGLES */,
			);
			path = include;
			sourceTree = "<group>";
		};
		BD9E125213F44E890001B4F1 /* OpenGLES */ = {
			isa = PBXGroup;
			children = (
				BD9E125313F44E890001B4F1 /* OpenGLES11 */,
				BD9E125613F44E890001B4F1 /* OpenGLES20 */,
				BD9E126113F44E890001B4F1 /* OpenGLESConfig.h */,
				BD9E126213F44E890001B4F1 /* OpenGLESContext.h */,
				BD9E126313F44E890001B4F1 /* OpenGLESDefines.h */,
				BD9E126413F44E890001B4F1 /* OpenGLESFile.h */,
				BD9E126513F44E890001B4F1 /* OpenGLESImplementation.h */,
				BD9E126613F44E890001B4F1 /* OpenGLESMath.h */,
				BD9E126713F44E890001B4F1 /* OpenGLESString.h */,
				BD9E126813F44E890001B4F1 /* OpenGLESUtil.h */,
			);
			path = OpenGLES;
			sourceTree = "<group>";
		};
		BD9E125313F44E890001B4F1 /* OpenGLES11 */ = {
			isa = PBXGroup;
			children = (
				BD9E125413F44E890001B4F1 /* OpenGLES11Context.h */,
				BD9E125513F44E890001B4F1 /* OpenGLES11Implementation.h */,
			);
			path = OpenGLES11;
			sourceTree = "<group>";
		};
		BD9E125613F44E890001B4F1 /* OpenGLES20 */ = {
			isa = PBXGroup;
			children = (
				BD9E125713F44E890001B4F1 /* Attribute.h */,
				BD9E125813F44E890001B4F1 /* MatrixStack.h */,
				BD9E125913F44E890001B4F1 /* OpenGLES20Context.h */,
				BD9E125A13F44E890001B4F1 /* OpenGLES20Implementation.h */,
				BD9E125B13F44E890001B4F1 /* OpenGLESState.h */,
				BD9E125C13F44E890001B4F1 /* Shader.h */,
				BD9E125D13F44E890001B4F1 /* ShaderFile.h */,
				BD9E125E13F44E890001B4F1 /* ShaderProgram.h */,
				BD9E125F13F44E890001B4F1 /* ShaderSource.h */,
				BD9E126013F44E890001B4F1 /* Uniform.h */,
			);
			path = OpenGLES20;
			sourceTree = "<group>";
		};
		BD9E126913F4507C0001B4F1 /* ofxGLES2Renderer */ = {
			isa = PBXGroup;
			children = (
				BD9E126A13F4507C0001B4F1 /* libs */,
				BD9E128313F4507C0001B4F1 /* src */,
			);
			name = ofxGLES2Renderer;
			path = ../../../addons/ofxGLES2Renderer;
			sourceTree = "<group>";
		};
		BD9E126A13F4507C0001B4F1 /* libs */ = {
			isa = PBXGroup;
			children = (
				BD9E126B13F4507C0001B4F1 /* gles2-bc */,
			);
			path = libs;
			sourceTree = "<group>";
		};
		BD9E126B13F4507C0001B4F1 /* gles2-bc */ = {
			isa = PBXGroup;
			children = (
				CBB7772613F556220014274B /* shaders */,
				BD9E126C13F4507C0001B4F1 /* src */,
			);
			path = "gles2-bc";
			sourceTree = "<group>";
		};
		BD9E126C13F4507C0001B4F1 /* src */ = {
			isa = PBXGroup;
			children = (
				BD9E126D13F4507C0001B4F1 /* OpenGLES */,
			);
			path = src;
			sourceTree = "<group>";
		};
		BD9E126D13F4507C0001B4F1 /* OpenGLES */ = {
			isa = PBXGroup;
			children = (
				BD9E126E13F4507C0001B4F1 /* OpenGLES11 */,
				BD9E127113F4507C0001B4F1 /* OpenGLES20 */,
				BD9E127C13F4507C0001B4F1 /* OpenGLESConfig.cpp */,
				BD9E127D13F4507C0001B4F1 /* OpenGLESContext.cpp */,
				BD9E127E13F4507C0001B4F1 /* OpenGLESFile.cpp */,
				BD9E127F13F4507C0001B4F1 /* OpenGLESFile.mm */,
				BD9E128013F4507C0001B4F1 /* OpenGLESImplementation.cpp */,
				BD9E128113F4507C0001B4F1 /* OpenGLESString.cpp */,
				BD9E128213F4507C0001B4F1 /* OpenGLESUtil.cpp */,
			);
			path = OpenGLES;
			sourceTree = "<group>";
		};
		BD9E126E13F4507C0001B4F1 /* OpenGLES11 */ = {
			isa = PBXGroup;
			children = (
				BD9E126F13F4507C0001B4F1 /* OpenGLES11Context.cpp */,
				BD9E127013F4507C0001B4F1 /* OpenGLES11Implementation.cpp */,
			);
			path = OpenGLES11;
			sourceTree = "<group>";
		};
		BD9E127113F4507C0001B4F1 /* OpenGLES20 */ = {
			isa = PBXGroup;
			children = (
				BD9E127213F4507C0001B4F1 /* Attribute.cpp */,
				BD9E127313F4507C0001B4F1 /* MatrixStack.cpp */,
				BD9E127413F4507C0001B4F1 /* OpenGLES20Context.cpp */,
				BD9E127513F4507C0001B4F1 /* OpenGLES20Implementation.cpp */,
				BD9E127613F4507C0001B4F1 /* OpenGLESState.cpp */,
				BD9E127713F4507C0001B4F1 /* Shader.cpp */,
				BD9E127813F4507C0001B4F1 /* ShaderFile.cpp */,
				BD9E127913F4507C0001B4F1 /* ShaderProgram.cpp */,
				BD9E127A13F4507C0001B4F1 /* ShaderSource.cpp */,
				BD9E127B13F4507C0001B4F1 /* Uniform.cpp */,
			);
			path = OpenGLES20;
			sourceTree = "<group>";
		};
		BD9E128313F4507C0001B4F1 /* src */ = {
			isa = PBXGroup;
			children = (
				BD9E128413F4507C0001B4F1 /* ofGLES2Renderer.cpp */,
				BD9E128513F4507C0001B4F1 /* ofGLES2Renderer.h */,
			);
			path = src;
			sourceTree = "<group>";
		};
		CB3F08BF13E96EEC0093CE64 /* Math */ = {
			isa = PBXGroup;
			children = (
				CB3F08C013E96EEC0093CE64 /* AMathHelpers.h */,
			);
			path = Math;
			sourceTree = "<group>";
		};
		CB836CBB13DC371C003E8700 /* addons */ = {
			isa = PBXGroup;
			children = (
				CB836CC513DC374C003E8700 /* ofxAssimpModelLoader */,
				BD9E126913F4507C0001B4F1 /* ofxGLES2Renderer */,
			);
			name = addons;
			sourceTree = "<group>";
		};
		CB836CC513DC374C003E8700 /* ofxAssimpModelLoader */ = {
			isa = PBXGroup;
			children = (
				CB836CC613DC3759003E8700 /* src */,
			);
			name = ofxAssimpModelLoader;
			sourceTree = "<group>";
		};
		CB836CC613DC3759003E8700 /* src */ = {
			isa = PBXGroup;
			children = (
				CB836CC713DC376C003E8700 /* ofx3DBaseLoader.h */,
				CB836CC813DC376C003E8700 /* ofxAssimpMeshHelper.h */,
				CB836CC913DC376C003E8700 /* ofxAssimpModelLoader.cpp */,
				CB836CCA13DC376C003E8700 /* ofxAssimpModelLoader.h */,
			);
			name = src;
			sourceTree = "<group>";
		};
		CB955CA113FB125B002929B5 /* Utils */ = {
			isa = PBXGroup;
			children = (
				CBD4CB2813FFC1F900F0C042 /* ShaderBlurES2.cpp */,
				CBD4CB2913FFC1F900F0C042 /* ShaderBlurES2.h */,
			);
			path = Utils;
			sourceTree = "<group>";
		};
		CBB7772613F556220014274B /* shaders */ = {
			isa = PBXGroup;
			children = (
				CBB7772713F556220014274B /* alphaTest.frag */,
				CBB7772813F556220014274B /* clipPlane.frag */,
				CBB7772913F556220014274B /* clipPlane.vert */,
				CBB7772A13F556220014274B /* fog.glsl */,
				CBB7772B13F556220014274B /* lighting.frag */,
				CBB7772C13F556220014274B /* lighting.vert */,
				CBB7772D13F556220014274B /* lightingPerFragment.frag */,
				CBB7772E13F556220014274B /* lightingPerFragment.vert */,
				CBB7772F13F556220014274B /* lightingPerVertex.vert */,
				CBB7773013F556220014274B /* main.frag */,
				CBB7773113F556220014274B /* main.vert */,
				CBB7773213F556220014274B /* postprocess.frag */,
				CBB7773313F556220014274B /* postprocess.vert */,
				CBB7773413F556220014274B /* texture.frag */,
				CBB7773513F556220014274B /* texture.vert */,
				CBB7773613F556220014274B /* texture0.frag */,
				CBB7773713F556220014274B /* texture0.vert */,
				CBB7773813F556220014274B /* texture1.frag */,
				CBB7773913F556220014274B /* texture1.vert */,
				CBB7773A13F556220014274B /* texture2.frag */,
				CBB7773B13F556220014274B /* texture2.vert */,
			);
			name = shaders;
			path = ../../shaders;
			sourceTree = "<group>";
		};
		E41D40FE13B3A0D800A75A5D /* Products */ = {
			isa = PBXGroup;
			children = (
				E41D410213B3A0D800A75A5D /* libofxiPhone_iphoneos_Debug.a */,
			);
			name = Products;
			sourceTree = "<group>";
		};
		E4D8936A11527B74007E1F53 /* src */ = {
			isa = PBXGroup;
			children = (
				CB955CA113FB125B002929B5 /* Utils */,
				CB3F08BF13E96EEC0093CE64 /* Math */,
				E4D8936B11527B74007E1F53 /* main.mm */,
				E4D8936C11527B74007E1F53 /* testApp.h */,
				E4D8936D11527B74007E1F53 /* testApp.mm */,
			);
			path = src;
			sourceTree = SOURCE_ROOT;
		};
/* End PBXGroup section */

/* Begin PBXNativeTarget section */
		1D6058900D05DD3D006BFB54 /* GLES2Renderer */ = {
			isa = PBXNativeTarget;
			buildConfigurationList = 1D6058960D05DD3E006BFB54 /* Build configuration list for PBXNativeTarget "GLES2Renderer" */;
			buildPhases = (
				1D60588D0D05DD3D006BFB54 /* Resources */,
				1D60588E0D05DD3D006BFB54 /* Sources */,
				1D60588F0D05DD3D006BFB54 /* Frameworks */,
				9255DD331112741900D6945E /* ShellScript */,
			);
			buildRules = (
			);
			dependencies = (
				E41D410413B3A11300A75A5D /* PBXTargetDependency */,
			);
			name = GLES2Renderer;
			productName = iPad;
			productReference = 1D6058910D05DD3D006BFB54 /* GLES2Renderer.app */;
			productType = "com.apple.product-type.application";
		};
/* End PBXNativeTarget section */

/* Begin PBXProject section */
		29B97313FDCFA39411CA2CEA /* Project object */ = {
			isa = PBXProject;
			buildConfigurationList = C01FCF4E08A954540054247B /* Build configuration list for PBXProject "GLES2Renderer" */;
			compatibilityVersion = "Xcode 3.2";
			developmentRegion = English;
			hasScannedForEncodings = 1;
			knownRegions = (
				English,
				Japanese,
				French,
				German,
			);
			mainGroup = 29B97314FDCFA39411CA2CEA /* CustomTemplate */;
			projectDirPath = "";
			projectReferences = (
				{
					ProductGroup = E41D40FE13B3A0D800A75A5D /* Products */;
					ProjectRef = E41D40FD13B3A0D800A75A5D /* iPhone+OF Lib.xcodeproj */;
				},
			);
			projectRoot = "";
			targets = (
				1D6058900D05DD3D006BFB54 /* GLES2Renderer */,
			);
		};
/* End PBXProject section */

/* Begin PBXReferenceProxy section */
		E41D410213B3A0D800A75A5D /* libofxiPhone_iphoneos_Debug.a */ = {
			isa = PBXReferenceProxy;
			fileType = archive.ar;
			path = libofxiPhone_iphoneos_Debug.a;
			remoteRef = E41D410113B3A0D800A75A5D /* PBXContainerItemProxy */;
			sourceTree = BUILT_PRODUCTS_DIR;
		};
/* End PBXReferenceProxy section */

/* Begin PBXResourcesBuildPhase section */
		1D60588D0D05DD3D006BFB54 /* Resources */ = {
			isa = PBXResourcesBuildPhase;
			buildActionMask = 2147483647;
			files = (
				CBB7775113F556340014274B /* alphaTest.frag in Resources */,
				CBB7775213F556340014274B /* clipPlane.frag in Resources */,
				CBB7775313F556340014274B /* clipPlane.vert in Resources */,
				CBB7775413F556340014274B /* lighting.frag in Resources */,
				CBB7775513F556340014274B /* lighting.vert in Resources */,
				CBB7775613F556340014274B /* lightingPerFragment.frag in Resources */,
				CBB7775713F556340014274B /* lightingPerFragment.vert in Resources */,
				CBB7775813F556340014274B /* lightingPerVertex.vert in Resources */,
				CBB7775913F556340014274B /* main.frag in Resources */,
				CBB7775A13F556340014274B /* main.vert in Resources */,
				CBB7775B13F556340014274B /* postprocess.frag in Resources */,
				CBB7775C13F556340014274B /* postprocess.vert in Resources */,
				CBB7775D13F556340014274B /* texture.frag in Resources */,
				CBB7775E13F556340014274B /* texture.vert in Resources */,
				CBB7775F13F556340014274B /* texture0.frag in Resources */,
				CBB7776013F556340014274B /* texture0.vert in Resources */,
				CBB7776113F556340014274B /* texture1.frag in Resources */,
				CBB7776213F556340014274B /* texture1.vert in Resources */,
				CBB7776313F556340014274B /* texture2.frag in Resources */,
				CBB7776413F556340014274B /* texture2.vert in Resources */,
				BB24DD8F10DA77E000E9C588 /* Default.png in Resources */,
				BB24DD9010DA77E000E9C588 /* Icon.png in Resources */,
				BB24DDCA10DA781C00E9C588 /* ofxiphone-Info.plist in Resources */,
				E41D3ED713B38FB500A75A5D /* Project.xcconfig in Resources */,
				E41D3EE613B3906D00A75A5D /* CoreOF.xcconfig in Resources */,
				CBB7773F13F556220014274B /* fog.glsl in Resources */,
			);
			runOnlyForDeploymentPostprocessing = 0;
		};
/* End PBXResourcesBuildPhase section */

/* Begin PBXShellScriptBuildPhase section */
		9255DD331112741900D6945E /* ShellScript */ = {
			isa = PBXShellScriptBuildPhase;
			buildActionMask = 2147483647;
			files = (
			);
			inputPaths = (
			);
			outputPaths = (
			);
			runOnlyForDeploymentPostprocessing = 0;
			shellPath = /bin/sh;
			shellScript = "cp -rf bin/data/ \"$TARGET_BUILD_DIR/$PRODUCT_NAME.app\"";
		};
/* End PBXShellScriptBuildPhase section */

/* Begin PBXSourcesBuildPhase section */
		1D60588E0D05DD3D006BFB54 /* Sources */ = {
			isa = PBXSourcesBuildPhase;
			buildActionMask = 2147483647;
			files = (
				E4D8936E11527B74007E1F53 /* main.mm in Sources */,
				E4D8936F11527B74007E1F53 /* testApp.mm in Sources */,
				CB836CCB13DC376C003E8700 /* ofxAssimpModelLoader.cpp in Sources */,
				BD9E128613F4507C0001B4F1 /* OpenGLES11Context.cpp in Sources */,
				BD9E128713F4507C0001B4F1 /* OpenGLES11Implementation.cpp in Sources */,
				BD9E128813F4507C0001B4F1 /* Attribute.cpp in Sources */,
				BD9E128913F4507C0001B4F1 /* MatrixStack.cpp in Sources */,
				BD9E128A13F4507C0001B4F1 /* OpenGLES20Context.cpp in Sources */,
				BD9E128B13F4507C0001B4F1 /* OpenGLES20Implementation.cpp in Sources */,
				BD9E128C13F4507C0001B4F1 /* OpenGLESState.cpp in Sources */,
				BD9E128D13F4507C0001B4F1 /* Shader.cpp in Sources */,
				BD9E128E13F4507C0001B4F1 /* ShaderFile.cpp in Sources */,
				BD9E128F13F4507C0001B4F1 /* ShaderProgram.cpp in Sources */,
				BD9E129013F4507C0001B4F1 /* ShaderSource.cpp in Sources */,
				BD9E129113F4507C0001B4F1 /* Uniform.cpp in Sources */,
				BD9E129213F4507C0001B4F1 /* OpenGLESConfig.cpp in Sources */,
				BD9E129313F4507C0001B4F1 /* OpenGLESContext.cpp in Sources */,
				BD9E129413F4507C0001B4F1 /* OpenGLESFile.cpp in Sources */,
				BD9E129513F4507C0001B4F1 /* OpenGLESFile.mm in Sources */,
				BD9E129613F4507C0001B4F1 /* OpenGLESImplementation.cpp in Sources */,
				BD9E129713F4507C0001B4F1 /* OpenGLESString.cpp in Sources */,
				BD9E129813F4507C0001B4F1 /* OpenGLESUtil.cpp in Sources */,
				BD9E129913F4507C0001B4F1 /* ofGLES2Renderer.cpp in Sources */,
				CBB7773C13F556220014274B /* alphaTest.frag in Sources */,
				CBB7773D13F556220014274B /* clipPlane.frag in Sources */,
				CBB7773E13F556220014274B /* clipPlane.vert in Sources */,
				CBB7774013F556220014274B /* lighting.frag in Sources */,
				CBB7774113F556220014274B /* lighting.vert in Sources */,
				CBB7774213F556220014274B /* lightingPerFragment.frag in Sources */,
				CBB7774313F556220014274B /* lightingPerFragment.vert in Sources */,
				CBB7774413F556220014274B /* lightingPerVertex.vert in Sources */,
				CBB7774513F556220014274B /* main.frag in Sources */,
				CBB7774613F556220014274B /* main.vert in Sources */,
				CBB7774713F556220014274B /* postprocess.frag in Sources */,
				CBB7774813F556220014274B /* postprocess.vert in Sources */,
				CBB7774913F556220014274B /* texture.frag in Sources */,
				CBB7774A13F556220014274B /* texture.vert in Sources */,
				CBB7774B13F556220014274B /* texture0.frag in Sources */,
				CBB7774C13F556220014274B /* texture0.vert in Sources */,
				CBB7774D13F556220014274B /* texture1.frag in Sources */,
				CBB7774E13F556220014274B /* texture1.vert in Sources */,
				CBB7774F13F556220014274B /* texture2.frag in Sources */,
				CBB7775013F556220014274B /* texture2.vert in Sources */,
				CBD4CB2A13FFC1F900F0C042 /* ShaderBlurES2.cpp in Sources */,
			);
			runOnlyForDeploymentPostprocessing = 0;
		};
/* End PBXSourcesBuildPhase section */

/* Begin PBXTargetDependency section */
		E41D410413B3A11300A75A5D /* PBXTargetDependency */ = {
			isa = PBXTargetDependency;
			name = "iPhone+OF Static Library";
			targetProxy = E41D410313B3A11300A75A5D /* PBXContainerItemProxy */;
		};
/* End PBXTargetDependency section */

/* Begin XCBuildConfiguration section */
		1D6058940D05DD3E006BFB54 /* Debug */ = {
			isa = XCBuildConfiguration;
			buildSettings = {
				ALWAYS_SEARCH_USER_PATHS = NO;
				GCC_PRECOMPILE_PREFIX_HEADER = YES;
				GCC_PREFIX_HEADER = iPhone_Prefix.pch;
				INFOPLIST_FILE = "ofxiphone-Info.plist";
				PRODUCT_NAME = "${TARGET_NAME}";
			};
			name = Debug;
		};
		1D6058950D05DD3E006BFB54 /* Release */ = {
			isa = XCBuildConfiguration;
			buildSettings = {
				GCC_PRECOMPILE_PREFIX_HEADER = YES;
				GCC_PREFIX_HEADER = iPhone_Prefix.pch;
				INFOPLIST_FILE = "ofxiphone-Info.plist";
				PRODUCT_NAME = "${TARGET_NAME}";
			};
			name = Release;
		};
		C01FCF4F08A954540054247B /* Debug */ = {
			isa = XCBuildConfiguration;
			baseConfigurationReference = E41D3ED613B38FB500A75A5D /* Project.xcconfig */;
			buildSettings = {
				ALWAYS_SEARCH_USER_PATHS = YES;
				ARCHS = "$(ARCHS_STANDARD_32_BIT)";
				CODE_SIGN_IDENTITY = "";
				"CODE_SIGN_IDENTITY[sdk=iphoneos*]" = "iPhone Developer";
				COMPRESS_PNG_FILES = NO;
				GCC_C_LANGUAGE_STANDARD = c99;
				GCC_FAST_MATH = YES;
				GCC_OPTIMIZATION_LEVEL = 0;
				GCC_PREPROCESSOR_DEFINITIONS = "";
				GCC_SYMBOLS_PRIVATE_EXTERN = NO;
				GCC_WARN_ABOUT_DEPRECATED_FUNCTIONS = NO;
				GCC_WARN_ABOUT_INVALID_OFFSETOF_MACRO = NO;
				GCC_WARN_ABOUT_POINTER_SIGNEDNESS = NO;
				GCC_WARN_ABOUT_RETURN_TYPE = YES;
				GCC_WARN_ALLOW_INCOMPLETE_PROTOCOL = NO;
				GCC_WARN_PROTOTYPE_CONVERSION = NO;
				GCC_WARN_UNUSED_VARIABLE = YES;
				IPHONEOS_DEPLOYMENT_TARGET = 4.0;
				ONLY_ACTIVE_ARCH = NO;
				PREBINDING = NO;
				"PROVISIONING_PROFILE[sdk=iphoneos*]" = "";
				SDKROOT = iphoneos;
				TARGETED_DEVICE_FAMILY = "1,2";
				VALID_ARCHS = "armv7 armv7f armv7k armv6 i386";
				WARNING_LDFLAGS = "-no_arch_warnings";
			};
			name = Debug;
		};
		C01FCF5008A954540054247B /* Release */ = {
			isa = XCBuildConfiguration;
			baseConfigurationReference = E41D3ED613B38FB500A75A5D /* Project.xcconfig */;
			buildSettings = {
				ALWAYS_SEARCH_USER_PATHS = YES;
				ARCHS = "$(ARCHS_STANDARD_32_BIT)";
				CODE_SIGN_IDENTITY = "";
				"CODE_SIGN_IDENTITY[sdk=iphoneos*]" = "iPhone Developer";
				COMPRESS_PNG_FILES = NO;
				GCC_C_LANGUAGE_STANDARD = c99;
				GCC_DYNAMIC_NO_PIC = YES;
				GCC_FAST_MATH = YES;
				GCC_GENERATE_DEBUGGING_SYMBOLS = NO;
				GCC_OPTIMIZATION_LEVEL = 3;
				GCC_PREPROCESSOR_DEFINITIONS = "";
				GCC_SYMBOLS_PRIVATE_EXTERN = NO;
				GCC_THUMB_SUPPORT = NO;
				GCC_WARN_ABOUT_RETURN_TYPE = YES;
				GCC_WARN_UNUSED_VARIABLE = YES;
				IPHONEOS_DEPLOYMENT_TARGET = 4.0;
				ONLY_ACTIVE_ARCH = NO;
				PREBINDING = NO;
				SDKROOT = iphoneos;
				TARGETED_DEVICE_FAMILY = "1,2";
				VALID_ARCHS = "armv7 armv7f armv7k armv6 i386";
				WARNING_LDFLAGS = "-no_arch_warnings";
			};
			name = Release;
		};
/* End XCBuildConfiguration section */

/* Begin XCConfigurationList section */
		1D6058960D05DD3E006BFB54 /* Build configuration list for PBXNativeTarget "GLES2Renderer" */ = {
			isa = XCConfigurationList;
			buildConfigurations = (
				1D6058940D05DD3E006BFB54 /* Debug */,
				1D6058950D05DD3E006BFB54 /* Release */,
			);
			defaultConfigurationIsVisible = 0;
			defaultConfigurationName = Release;
		};
		C01FCF4E08A954540054247B /* Build configuration list for PBXProject "GLES2Renderer" */ = {
			isa = XCConfigurationList;
			buildConfigurations = (
				C01FCF4F08A954540054247B /* Debug */,
				C01FCF5008A954540054247B /* Release */,
			);
			defaultConfigurationIsVisible = 0;
			defaultConfigurationName = Release;
		};
/* End XCConfigurationList section */
	};
	rootObject = 29B97313FDCFA39411CA2CEA /* Project object */;
}
